
Microsoft Visual Studio Solution File, Format Version 12.00
# Visual Studio 15
VisualStudioVersion = 15.0.28307.1267
MinimumVisualStudioVersion = 10.0.40219.1
Project("{FAE04EC0-301F-11D3-BF4B-00C04F79EFBC}") = "FirstWcfService", "FirstWcfService\FirstWcfService.csproj", "{0F229DF4-4FF3-4201-A811-1026F6CB250B}"
EndProject
Global
	GlobalSection(SolutionConfigurationPlatforms) = preSolution
		Debug|Any CPU = Debug|Any CPU
		Release|Any CPU = Release|Any CPU
	EndGlobalSection
	GlobalSection(ProjectConfigurationPlatforms) = postSolution
		{0F229DF4-4FF3-4201-A811-1026F6CB250B}.Debug|Any CPU.ActiveCfg = Debug|Any CPU
		{0F229DF4-4FF3-4201-A811-1026F6CB250B}.Debug|Any CPU.Build.0 = Debug|Any CPU
		{0F229DF4-4FF3-4201-A811-1026F6CB250B}.Release|Any CPU.ActiveCfg = Release|Any CPU
		{0F229DF4-4FF3-4201-A811-1026F6CB250B}.Release|Any CPU.Build.0 = Release|Any CPU
	EndGlobalSection
	GlobalSection(SolutionProperties) = preSolution
		HideSolutionNode = FALSE
	EndGlobalSection
	GlobalSection(ExtensibilityGlobals) = postSolution
		SolutionGuid = {4F9FD168-1EE9-4E84-BD41-AA9D7A5361B7}
	EndGlobalSection
EndGlobal
